
Microsoft Visual Studio Solution File, Format Version 12.00
# Visual Studio Version 17
VisualStudioVersion = 17.11.35312.102
MinimumVisualStudioVersion = 10.0.40219.1
Project("{9A19103F-16F7-4668-BE54-9A1E7A4F7556}") = "SeekMatch", "SeekMatch\SeekMatch.csproj", "{BDE1CB39-1C53-4851-9127-33EC94BC91A2}"
EndProject
Project("{9A19103F-16F7-4668-BE54-9A1E7A4F7556}") = "SeekMatchApplication", "SeekMatch.Application\SeekMatchApplication.csproj", "{AEA641C9-4C58-447E-93D4-9317BAC28E9D}"
EndProject
Project("{9A19103F-16F7-4668-BE54-9A1E7A4F7556}") = "SeekMatchCore", "SeekMatch.Core\SeekMatchCore.csproj", "{F847FBB2-9848-451D-B275-75B24DC27B96}"
EndProject
Project("{9A19103F-16F7-4668-BE54-9A1E7A4F7556}") = "SeekMatchInfrastructure", "SeekMatch.Infrastructure\SeekMatchInfrastructure.csproj", "{11B3236A-3F28-4694-8B89-01E79F4C385A}"
EndProject
Global
	GlobalSection(SolutionConfigurationPlatforms) = preSolution
		Debug|Any CPU = Debug|Any CPU
		Release|Any CPU = Release|Any CPU
	EndGlobalSection
	GlobalSection(ProjectConfigurationPlatforms) = postSolution
		{BDE1CB39-1C53-4851-9127-33EC94BC91A2}.Debug|Any CPU.ActiveCfg = Debug|Any CPU
		{BDE1CB39-1C53-4851-9127-33EC94BC91A2}.Debug|Any CPU.Build.0 = Debug|Any CPU
		{BDE1CB39-1C53-4851-9127-33EC94BC91A2}.Release|Any CPU.ActiveCfg = Release|Any CPU
		{BDE1CB39-1C53-4851-9127-33EC94BC91A2}.Release|Any CPU.Build.0 = Release|Any CPU
		{AEA641C9-4C58-447E-93D4-9317BAC28E9D}.Debug|Any CPU.ActiveCfg = Debug|Any CPU
		{AEA641C9-4C58-447E-93D4-9317BAC28E9D}.Debug|Any CPU.Build.0 = Debug|Any CPU
		{AEA641C9-4C58-447E-93D4-9317BAC28E9D}.Release|Any CPU.ActiveCfg = Release|Any CPU
		{AEA641C9-4C58-447E-93D4-9317BAC28E9D}.Release|Any CPU.Build.0 = Release|Any CPU
		{F847FBB2-9848-451D-B275-75B24DC27B96}.Debug|Any CPU.ActiveCfg = Debug|Any CPU
		{F847FBB2-9848-451D-B275-75B24DC27B96}.Debug|Any CPU.Build.0 = Debug|Any CPU
		{F847FBB2-9848-451D-B275-75B24DC27B96}.Release|Any CPU.ActiveCfg = Release|Any CPU
		{F847FBB2-9848-451D-B275-75B24DC27B96}.Release|Any CPU.Build.0 = Release|Any CPU
		{11B3236A-3F28-4694-8B89-01E79F4C385A}.Debug|Any CPU.ActiveCfg = Debug|Any CPU
		{11B3236A-3F28-4694-8B89-01E79F4C385A}.Debug|Any CPU.Build.0 = Debug|Any CPU
		{11B3236A-3F28-4694-8B89-01E79F4C385A}.Release|Any CPU.ActiveCfg = Release|Any CPU
		{11B3236A-3F28-4694-8B89-01E79F4C385A}.Release|Any CPU.Build.0 = Release|Any CPU
	EndGlobalSection
	GlobalSection(SolutionProperties) = preSolution
		HideSolutionNode = FALSE
	EndGlobalSection
	GlobalSection(ExtensibilityGlobals) = postSolution
		SolutionGuid = {51917649-142B-407C-90DE-2B0D45D8B594}
	EndGlobalSection
EndGlobal
